// !$*UTF8*$!
{
	archiveVersion = 1;
	classes = {
	};
	objectVersion = 56;
	objects = {

/* Begin PBXBuildFile section */
		09204C6A2A329AAD003B16FE /* ReallyApp.swift in Sources */ = {isa = PBXBuildFile; fileRef = 09204C692A329AAD003B16FE /* ReallyApp.swift */; };
		09204C6C2A329AAD003B16FE /* ContentView.swift in Sources */ = {isa = PBXBuildFile; fileRef = 09204C6B2A329AAD003B16FE /* ContentView.swift */; };
		09204C6E2A329AB2003B16FE /* Assets.xcassets in Resources */ = {isa = PBXBuildFile; fileRef = 09204C6D2A329AB2003B16FE /* Assets.xcassets */; };
		09204C712A329AB2003B16FE /* Preview Assets.xcassets in Resources */ = {isa = PBXBuildFile; fileRef = 09204C702A329AB2003B16FE /* Preview Assets.xcassets */; };
		09204C7D2A329B3F003B16FE /* GoogleService-Info.plist in Resources */ = {isa = PBXBuildFile; fileRef = 09204C7C2A329B3E003B16FE /* GoogleService-Info.plist */; };
		09B39F412A34A941006B6405 /* MainPage.swift in Sources */ = {isa = PBXBuildFile; fileRef = 09B39F402A34A941006B6405 /* MainPage.swift */; };
		09B39F432A34AB53006B6405 /* CreateAccount.swift in Sources */ = {isa = PBXBuildFile; fileRef = 09B39F422A34AB53006B6405 /* CreateAccount.swift */; };
		09B39F472A34BA52006B6405 /* TabVieww.swift in Sources */ = {isa = PBXBuildFile; fileRef = 09B39F462A34BA52006B6405 /* TabVieww.swift */; };
		09B39F4B2A34BDFA006B6405 /* Settingss.swift in Sources */ = {isa = PBXBuildFile; fileRef = 09B39F4A2A34BDFA006B6405 /* Settingss.swift */; };
		09B39F502A351543006B6405 /* FirebaseAuth in Frameworks */ = {isa = PBXBuildFile; productRef = 09B39F4F2A351543006B6405 /* FirebaseAuth */; };
		09B39F522A351543006B6405 /* FirebaseFirestore in Frameworks */ = {isa = PBXBuildFile; productRef = 09B39F512A351543006B6405 /* FirebaseFirestore */; };
		09B39F542A351543006B6405 /* FirebaseFirestoreSwift in Frameworks */ = {isa = PBXBuildFile; productRef = 09B39F532A351543006B6405 /* FirebaseFirestoreSwift */; };
		09B39F5E2A35903A006B6405 /* Course.swift in Sources */ = {isa = PBXBuildFile; fileRef = 09B39F5D2A35903A006B6405 /* Course.swift */; };
		09B39F602A3591AF006B6405 /* CoursesList.swift in Sources */ = {isa = PBXBuildFile; fileRef = 09B39F5F2A3591AF006B6405 /* CoursesList.swift */; };
		09B39F622A35955F006B6405 /* YayCourse.swift in Sources */ = {isa = PBXBuildFile; fileRef = 09B39F612A35955F006B6405 /* YayCourse.swift */; };
		09B39F642A35FDA9006B6405 /* NewCourses.swift in Sources */ = {isa = PBXBuildFile; fileRef = 09B39F632A35FDA8006B6405 /* NewCourses.swift */; };
/* End PBXBuildFile section */

/* Begin PBXFileReference section */
		09204C662A329AAD003B16FE /* Really.app */ = {isa = PBXFileReference; explicitFileType = wrapper.application; includeInIndex = 0; path = Really.app; sourceTree = BUILT_PRODUCTS_DIR; };
		09204C692A329AAD003B16FE /* ReallyApp.swift */ = {isa = PBXFileReference; lastKnownFileType = sourcecode.swift; path = ReallyApp.swift; sourceTree = "<group>"; };
		09204C6B2A329AAD003B16FE /* ContentView.swift */ = {isa = PBXFileReference; lastKnownFileType = sourcecode.swift; path = ContentView.swift; sourceTree = "<group>"; };
		09204C6D2A329AB2003B16FE /* Assets.xcassets */ = {isa = PBXFileReference; lastKnownFileType = folder.assetcatalog; path = Assets.xcassets; sourceTree = "<group>"; };
		09204C702A329AB2003B16FE /* Preview Assets.xcassets */ = {isa = PBXFileReference; lastKnownFileType = folder.assetcatalog; path = "Preview Assets.xcassets"; sourceTree = "<group>"; };
		09204C7C2A329B3E003B16FE /* GoogleService-Info.plist */ = {isa = PBXFileReference; fileEncoding = 4; lastKnownFileType = text.plist.xml; path = "GoogleService-Info.plist"; sourceTree = "<group>"; };
		09B39F402A34A941006B6405 /* MainPage.swift */ = {isa = PBXFileReference; lastKnownFileType = sourcecode.swift; path = MainPage.swift; sourceTree = "<group>"; };
		09B39F422A34AB53006B6405 /* CreateAccount.swift */ = {isa = PBXFileReference; lastKnownFileType = sourcecode.swift; path = CreateAccount.swift; sourceTree = "<group>"; };
		09B39F462A34BA52006B6405 /* TabVieww.swift */ = {isa = PBXFileReference; lastKnownFileType = sourcecode.swift; path = TabVieww.swift; sourceTree = "<group>"; };
		09B39F4A2A34BDFA006B6405 /* Settingss.swift */ = {isa = PBXFileReference; lastKnownFileType = sourcecode.swift; path = Settingss.swift; sourceTree = "<group>"; };
		09B39F5D2A35903A006B6405 /* Course.swift */ = {isa = PBXFileReference; lastKnownFileType = sourcecode.swift; path = Course.swift; sourceTree = "<group>"; };
		09B39F5F2A3591AF006B6405 /* CoursesList.swift */ = {isa = PBXFileReference; lastKnownFileType = sourcecode.swift; path = CoursesList.swift; sourceTree = "<group>"; };
		09B39F612A35955F006B6405 /* YayCourse.swift */ = {isa = PBXFileReference; lastKnownFileType = sourcecode.swift; path = YayCourse.swift; sourceTree = "<group>"; };
		09B39F632A35FDA8006B6405 /* NewCourses.swift */ = {isa = PBXFileReference; lastKnownFileType = sourcecode.swift; path = NewCourses.swift; sourceTree = "<group>"; };
/* End PBXFileReference section */

/* Begin PBXFrameworksBuildPhase section */
		09204C632A329AAD003B16FE /* Frameworks */ = {
			isa = PBXFrameworksBuildPhase;
			buildActionMask = 2147483647;
			files = (
				09B39F502A351543006B6405 /* FirebaseAuth in Frameworks */,
				09B39F522A351543006B6405 /* FirebaseFirestore in Frameworks */,
				09B39F542A351543006B6405 /* FirebaseFirestoreSwift in Frameworks */,
			);
			runOnlyForDeploymentPostprocessing = 0;
		};
/* End PBXFrameworksBuildPhase section */

/* Begin PBXGroup section */
		09204C5D2A329AAD003B16FE = {
			isa = PBXGroup;
			children = (
				09204C682A329AAD003B16FE /* Really */,
				09204C672A329AAD003B16FE /* Products */,
			);
			sourceTree = "<group>";
		};
		09204C672A329AAD003B16FE /* Products */ = {
			isa = PBXGroup;
			children = (
				09204C662A329AAD003B16FE /* Really.app */,
			);
			name = Products;
			sourceTree = "<group>";
		};
		09204C682A329AAD003B16FE /* Really */ = {
			isa = PBXGroup;
			children = (
				09204C692A329AAD003B16FE /* ReallyApp.swift */,
				09B39F402A34A941006B6405 /* MainPage.swift */,
				09B39F422A34AB53006B6405 /* CreateAccount.swift */,
				09B39F462A34BA52006B6405 /* TabVieww.swift */,
				09204C6B2A329AAD003B16FE /* ContentView.swift */,
				09B39F4A2A34BDFA006B6405 /* Settingss.swift */,
				09204C6D2A329AB2003B16FE /* Assets.xcassets */,
				09204C7C2A329B3E003B16FE /* GoogleService-Info.plist */,
				09204C6F2A329AB2003B16FE /* Preview Content */,
				09B39F5D2A35903A006B6405 /* Course.swift */,
				09B39F5F2A3591AF006B6405 /* CoursesList.swift */,
				09B39F612A35955F006B6405 /* YayCourse.swift */,
				09B39F632A35FDA8006B6405 /* NewCourses.swift */,
			);
			path = Really;
			sourceTree = "<group>";
		};
		09204C6F2A329AB2003B16FE /* Preview Content */ = {
			isa = PBXGroup;
			children = (
				09204C702A329AB2003B16FE /* Preview Assets.xcassets */,
			);
			path = "Preview Content";
			sourceTree = "<group>";
		};
/* End PBXGroup section */

/* Begin PBXNativeTarget section */
		09204C652A329AAD003B16FE /* Really */ = {
			isa = PBXNativeTarget;
			buildConfigurationList = 09204C742A329AB2003B16FE /* Build configuration list for PBXNativeTarget "Really" */;
			buildPhases = (
				09204C622A329AAD003B16FE /* Sources */,
				09204C632A329AAD003B16FE /* Frameworks */,
				09204C642A329AAD003B16FE /* Resources */,
			);
			buildRules = (
			);
			dependencies = (
			);
			name = Really;
			packageProductDependencies = (
				09B39F4F2A351543006B6405 /* FirebaseAuth */,
				09B39F512A351543006B6405 /* FirebaseFirestore */,
				09B39F532A351543006B6405 /* FirebaseFirestoreSwift */,
			);
			productName = Really;
			productReference = 09204C662A329AAD003B16FE /* Really.app */;
			productType = "com.apple.product-type.application";
		};
/* End PBXNativeTarget section */

/* Begin PBXProject section */
		09204C5E2A329AAD003B16FE /* Project object */ = {
			isa = PBXProject;
			attributes = {
				BuildIndependentTargetsInParallel = 1;
				LastSwiftUpdateCheck = 1430;
				LastUpgradeCheck = 1430;
				TargetAttributes = {
					09204C652A329AAD003B16FE = {
						CreatedOnToolsVersion = 14.3;
					};
				};
			};
			buildConfigurationList = 09204C612A329AAD003B16FE /* Build configuration list for PBXProject "Really" */;
			compatibilityVersion = "Xcode 14.0";
			developmentRegion = en;
			hasScannedForEncodings = 0;
			knownRegions = (
				en,
				Base,
			);
			mainGroup = 09204C5D2A329AAD003B16FE;
			packageReferences = (
				09B39F4E2A351543006B6405 /* XCRemoteSwiftPackageReference "firebase-ios-sdk" */,
			);
			productRefGroup = 09204C672A329AAD003B16FE /* Products */;
			projectDirPath = "";
			projectRoot = "";
			targets = (
				09204C652A329AAD003B16FE /* Really */,
			);
		};
/* End PBXProject section */

/* Begin PBXResourcesBuildPhase section */
		09204C642A329AAD003B16FE /* Resources */ = {
			isa = PBXResourcesBuildPhase;
			buildActionMask = 2147483647;
			files = (
				09204C712A329AB2003B16FE /* Preview Assets.xcassets in Resources */,
				09204C7D2A329B3F003B16FE /* GoogleService-Info.plist in Resources */,
				09204C6E2A329AB2003B16FE /* Assets.xcassets in Resources */,
			);
			runOnlyForDeploymentPostprocessing = 0;
		};
/* End PBXResourcesBuildPhase section */

/* Begin PBXSourcesBuildPhase section */
		09204C622A329AAD003B16FE /* Sources */ = {
			isa = PBXSourcesBuildPhase;
			buildActionMask = 2147483647;
			files = (
				09B39F472A34BA52006B6405 /* TabVieww.swift in Sources */,
				09B39F642A35FDA9006B6405 /* NewCourses.swift in Sources */,
				09B39F5E2A35903A006B6405 /* Course.swift in Sources */,
				09204C6C2A329AAD003B16FE /* ContentView.swift in Sources */,
				09204C6A2A329AAD003B16FE /* ReallyApp.swift in Sources */,
				09B39F602A3591AF006B6405 /* CoursesList.swift in Sources */,
				09B39F622A35955F006B6405 /* YayCourse.swift in Sources */,
				09B39F412A34A941006B6405 /* MainPage.swift in Sources */,
				09B39F4B2A34BDFA006B6405 /* Settingss.swift in Sources */,
				09B39F432A34AB53006B6405 /* CreateAccount.swift in Sources */,
			);
			runOnlyForDeploymentPostprocessing = 0;
		};
/* End PBXSourcesBuildPhase section */

/* Begin XCBuildConfiguration section */
		09204C722A329AB2003B16FE /* Debug */ = {
			isa = XCBuildConfiguration;
			buildSettings = {
				ALWAYS_SEARCH_USER_PATHS = NO;
				CLANG_ANALYZER_NONNULL = YES;
				CLANG_ANALYZER_NUMBER_OBJECT_CONVERSION = YES_AGGRESSIVE;
				CLANG_CXX_LANGUAGE_STANDARD = "gnu++20";
				CLANG_ENABLE_MODULES = YES;
				CLANG_ENABLE_OBJC_ARC = YES;
				CLANG_ENABLE_OBJC_WEAK = YES;
				CLANG_WARN_BLOCK_CAPTURE_AUTORELEASING = YES;
				CLANG_WARN_BOOL_CONVERSION = YES;
				CLANG_WARN_COMMA = YES;
				CLANG_WARN_CONSTANT_CONVERSION = YES;
				CLANG_WARN_DEPRECATED_OBJC_IMPLEMENTATIONS = YES;
				CLANG_WARN_DIRECT_OBJC_ISA_USAGE = YES_ERROR;
				CLANG_WARN_DOCUMENTATION_COMMENTS = YES;
				CLANG_WARN_EMPTY_BODY = YES;
				CLANG_WARN_ENUM_CONVERSION = YES;
				CLANG_WARN_INFINITE_RECURSION = YES;
				CLANG_WARN_INT_CONVERSION = YES;
				CLANG_WARN_NON_LITERAL_NULL_CONVERSION = YES;
				CLANG_WARN_OBJC_IMPLICIT_RETAIN_SELF = YES;
				CLANG_WARN_OBJC_LITERAL_CONVERSION = YES;
				CLANG_WARN_OBJC_ROOT_CLASS = YES_ERROR;
				CLANG_WARN_QUOTED_INCLUDE_IN_FRAMEWORK_HEADER = YES;
				CLANG_WARN_RANGE_LOOP_ANALYSIS = YES;
				CLANG_WARN_STRICT_PROTOTYPES = YES;
				CLANG_WARN_SUSPICIOUS_MOVE = YES;
				CLANG_WARN_UNGUARDED_AVAILABILITY = YES_AGGRESSIVE;
				CLANG_WARN_UNREACHABLE_CODE = YES;
				CLANG_WARN__DUPLICATE_METHOD_MATCH = YES;
				COPY_PHASE_STRIP = NO;
				DEBUG_INFORMATION_FORMAT = dwarf;
				ENABLE_STRICT_OBJC_MSGSEND = YES;
				ENABLE_TESTABILITY = YES;
				GCC_C_LANGUAGE_STANDARD = gnu11;
				GCC_DYNAMIC_NO_PIC = NO;
				GCC_NO_COMMON_BLOCKS = YES;
				GCC_OPTIMIZATION_LEVEL = 0;
				GCC_PREPROCESSOR_DEFINITIONS = (
					"DEBUG=1",
					"$(inherited)",
				);
				GCC_WARN_64_TO_32_BIT_CONVERSION = YES;
				GCC_WARN_ABOUT_RETURN_TYPE = YES_ERROR;
				GCC_WARN_UNDECLARED_SELECTOR = YES;
				GCC_WARN_UNINITIALIZED_AUTOS = YES_AGGRESSIVE;
				GCC_WARN_UNUSED_FUNCTION = YES;
				GCC_WARN_UNUSED_VARIABLE = YES;
				IPHONEOS_DEPLOYMENT_TARGET = 16.4;
				MTL_ENABLE_DEBUG_INFO = INCLUDE_SOURCE;
				MTL_FAST_MATH = YES;
				ONLY_ACTIVE_ARCH = YES;
				SDKROOT = iphoneos;
				SWIFT_ACTIVE_COMPILATION_CONDITIONS = DEBUG;
				SWIFT_OPTIMIZATION_LEVEL = "-Onone";
			};
			name = Debug;
		};
		09204C732A329AB2003B16FE /* Release */ = {
			isa = XCBuildConfiguration;
			buildSettings = {
				ALWAYS_SEARCH_USER_PATHS = NO;
				CLANG_ANALYZER_NONNULL = YES;
				CLANG_ANALYZER_NUMBER_OBJECT_CONVERSION = YES_AGGRESSIVE;
				CLANG_CXX_LANGUAGE_STANDARD = "gnu++20";
				CLANG_ENABLE_MODULES = YES;
				CLANG_ENABLE_OBJC_ARC = YES;
				CLANG_ENABLE_OBJC_WEAK = YES;
				CLANG_WARN_BLOCK_CAPTURE_AUTORELEASING = YES;
				CLANG_WARN_BOOL_CONVERSION = YES;
				CLANG_WARN_COMMA = YES;
				CLANG_WARN_CONSTANT_CONVERSION = YES;
				CLANG_WARN_DEPRECATED_OBJC_IMPLEMENTATIONS = YES;
				CLANG_WARN_DIRECT_OBJC_ISA_USAGE = YES_ERROR;
				CLANG_WARN_DOCUMENTATION_COMMENTS = YES;
				CLANG_WARN_EMPTY_BODY = YES;
				CLANG_WARN_ENUM_CONVERSION = YES;
				CLANG_WARN_INFINITE_RECURSION = YES;
				CLANG_WARN_INT_CONVERSION = YES;
				CLANG_WARN_NON_LITERAL_NULL_CONVERSION = YES;
				CLANG_WARN_OBJC_IMPLICIT_RETAIN_SELF = YES;
				CLANG_WARN_OBJC_LITERAL_CONVERSION = YES;
				CLANG_WARN_OBJC_ROOT_CLASS = YES_ERROR;
				CLANG_WARN_QUOTED_INCLUDE_IN_FRAMEWORK_HEADER = YES;
				CLANG_WARN_RANGE_LOOP_ANALYSIS = YES;
				CLANG_WARN_STRICT_PROTOTYPES = YES;
				CLANG_WARN_SUSPICIOUS_MOVE = YES;
				CLANG_WARN_UNGUARDED_AVAILABILITY = YES_AGGRESSIVE;
				CLANG_WARN_UNREACHABLE_CODE = YES;
				CLANG_WARN__DUPLICATE_METHOD_MATCH = YES;
				COPY_PHASE_STRIP = NO;
				DEBUG_INFORMATION_FORMAT = "dwarf-with-dsym";
				ENABLE_NS_ASSERTIONS = NO;
				ENABLE_STRICT_OBJC_MSGSEND = YES;
				GCC_C_LANGUAGE_STANDARD = gnu11;
				GCC_NO_COMMON_BLOCKS = YES;
				GCC_WARN_64_TO_32_BIT_CONVERSION = YES;
				GCC_WARN_ABOUT_RETURN_TYPE = YES_ERROR;
				GCC_WARN_UNDECLARED_SELECTOR = YES;
				GCC_WARN_UNINITIALIZED_AUTOS = YES_AGGRESSIVE;
				GCC_WARN_UNUSED_FUNCTION = YES;
				GCC_WARN_UNUSED_VARIABLE = YES;
				IPHONEOS_DEPLOYMENT_TARGET = 16.4;
				MTL_ENABLE_DEBUG_INFO = NO;
				MTL_FAST_MATH = YES;
				SDKROOT = iphoneos;
				SWIFT_COMPILATION_MODE = wholemodule;
				SWIFT_OPTIMIZATION_LEVEL = "-O";
				VALIDATE_PRODUCT = YES;
			};
			name = Release;
		};
		09204C752A329AB2003B16FE /* Debug */ = {
			isa = XCBuildConfiguration;
			buildSettings = {
				ASSETCATALOG_COMPILER_APPICON_NAME = AppIcon;
				ASSETCATALOG_COMPILER_GLOBAL_ACCENT_COLOR_NAME = AccentColor;
				CODE_SIGN_STYLE = Automatic;
				CURRENT_PROJECT_VERSION = 1;
				DEVELOPMENT_ASSET_PATHS = "\"Really/Preview Content\"";
				ENABLE_PREVIEWS = YES;
				GENERATE_INFOPLIST_FILE = YES;
				INFOPLIST_KEY_UIApplicationSceneManifest_Generation = YES;
				INFOPLIST_KEY_UIApplicationSupportsIndirectInputEvents = YES;
				INFOPLIST_KEY_UILaunchScreen_Generation = YES;
				INFOPLIST_KEY_UISupportedInterfaceOrientations_iPad = "UIInterfaceOrientationPortrait UIInterfaceOrientationPortraitUpsideDown UIInterfaceOrientationLandscapeLeft UIInterfaceOrientationLandscapeRight";
				INFOPLIST_KEY_UISupportedInterfaceOrientations_iPhone = "UIInterfaceOrientationPortrait UIInterfaceOrientationLandscapeLeft UIInterfaceOrientationLandscapeRight";
				LD_RUNPATH_SEARCH_PATHS = (
					"$(inherited)",
					"@executable_path/Frameworks",
				);
				MARKETING_VERSION = 1.0;
				PRODUCT_BUNDLE_IDENTIFIER = com.example.Really;
				PRODUCT_NAME = "$(TARGET_NAME)";
				SWIFT_EMIT_LOC_STRINGS = YES;
				SWIFT_VERSION = 5.0;
				TARGETED_DEVICE_FAMILY = "1,2";
			};
			name = Debug;
		};
		09204C762A329AB2003B16FE /* Release */ = {
			isa = XCBuildConfiguration;
			buildSettings = {
				ASSETCATALOG_COMPILER_APPICON_NAME = AppIcon;
				ASSETCATALOG_COMPILER_GLOBAL_ACCENT_COLOR_NAME = AccentColor;
				CODE_SIGN_STYLE = Automatic;
				CURRENT_PROJECT_VERSION = 1;
				DEVELOPMENT_ASSET_PATHS = "\"Really/Preview Content\"";
				ENABLE_PREVIEWS = YES;
				GENERATE_INFOPLIST_FILE = YES;
				INFOPLIST_KEY_UIApplicationSceneManifest_Generation = YES;
				INFOPLIST_KEY_UIApplicationSupportsIndirectInputEvents = YES;
				INFOPLIST_KEY_UILaunchScreen_Generation = YES;
				INFOPLIST_KEY_UISupportedInterfaceOrientations_iPad = "UIInterfaceOrientationPortrait UIInterfaceOrientationPortraitUpsideDown UIInterfaceOrientationLandscapeLeft UIInterfaceOrientationLandscapeRight";
				INFOPLIST_KEY_UISupportedInterfaceOrientations_iPhone = "UIInterfaceOrientationPortrait UIInterfaceOrientationLandscapeLeft UIInterfaceOrientationLandscapeRight";
				LD_RUNPATH_SEARCH_PATHS = (
					"$(inherited)",
					"@executable_path/Frameworks",
				);
				MARKETING_VERSION = 1.0;
				PRODUCT_BUNDLE_IDENTIFIER = com.example.Really;
				PRODUCT_NAME = "$(TARGET_NAME)";
				SWIFT_EMIT_LOC_STRINGS = YES;
				SWIFT_VERSION = 5.0;
				TARGETED_DEVICE_FAMILY = "1,2";
			};
			name = Release;
		};
/* End XCBuildConfiguration section */

/* Begin XCConfigurationList section */
		09204C612A329AAD003B16FE /* Build configuration list for PBXProject "Really" */ = {
			isa = XCConfigurationList;
			buildConfigurations = (
				09204C722A329AB2003B16FE /* Debug */,
				09204C732A329AB2003B16FE /* Release */,
			);
			defaultConfigurationIsVisible = 0;
			defaultConfigurationName = Release;
		};
		09204C742A329AB2003B16FE /* Build configuration list for PBXNativeTarget "Really" */ = {
			isa = XCConfigurationList;
			buildConfigurations = (
				09204C752A329AB2003B16FE /* Debug */,
				09204C762A329AB2003B16FE /* Release */,
			);
			defaultConfigurationIsVisible = 0;
			defaultConfigurationName = Release;
		};
/* End XCConfigurationList section */

/* Begin XCRemoteSwiftPackageReference section */
		09B39F4E2A351543006B6405 /* XCRemoteSwiftPackageReference "firebase-ios-sdk" */ = {
			isa = XCRemoteSwiftPackageReference;
			repositoryURL = "https://github.com/firebase/firebase-ios-sdk.git";
			requirement = {
				kind = upToNextMajorVersion;
				minimumVersion = 10.0.0;
			};
		};
/* End XCRemoteSwiftPackageReference section */

/* Begin XCSwiftPackageProductDependency section */
		09B39F4F2A351543006B6405 /* FirebaseAuth */ = {
			isa = XCSwiftPackageProductDependency;
			package = 09B39F4E2A351543006B6405 /* XCRemoteSwiftPackageReference "firebase-ios-sdk" */;
			productName = FirebaseAuth;
		};
		09B39F512A351543006B6405 /* FirebaseFirestore */ = {
			isa = XCSwiftPackageProductDependency;
			package = 09B39F4E2A351543006B6405 /* XCRemoteSwiftPackageReference "firebase-ios-sdk" */;
			productName = FirebaseFirestore;
		};
		09B39F532A351543006B6405 /* FirebaseFirestoreSwift */ = {
			isa = XCSwiftPackageProductDependency;
			package = 09B39F4E2A351543006B6405 /* XCRemoteSwiftPackageReference "firebase-ios-sdk" */;
			productName = FirebaseFirestoreSwift;
		};
/* End XCSwiftPackageProductDependency section */
	};
	rootObject = 09204C5E2A329AAD003B16FE /* Project object */;
}
